
Microsoft Visual Studio Solution File, Format Version 12.00
# Visual Studio Version 17
VisualStudioVersion = 17.3.32922.545
MinimumVisualStudioVersion = 10.0.40219.1
Project("{9A19103F-16F7-4668-BE54-9A1E7A4F7556}") = "XkcdConsoleAPICall", "XkcdConsoleAPICall\XkcdConsoleAPICall.csproj", "{4708CA73-E2AD-4AA7-8A53-E248278E0773}"
EndProject
Project("{9A19103F-16F7-4668-BE54-9A1E7A4F7556}") = "xkcdMVC", "xkcdMVC\xkcdMVC.csproj", "{9DBDDAB7-626A-4888-9B51-0CD610955DCE}"
EndProject
Project("{9A19103F-16F7-4668-BE54-9A1E7A4F7556}") = "DeckOfCardsLab", "DeckOfCardsLab\DeckOfCardsLab.csproj", "{CCACEB62-8C60-4819-BCC7-106D7A22486E}"
EndProject
Project("{FAE04EC0-301F-11D3-BF4B-00C04F79EFBC}") = "CardGameDemo", "CardGameDemo\CardGameDemo.csproj", "{296B4C8E-F789-4EFC-BA13-7DF099D25DAD}"
EndProject
Global
	GlobalSection(SolutionConfigurationPlatforms) = preSolution
		Debug|Any CPU = Debug|Any CPU
		Release|Any CPU = Release|Any CPU
	EndGlobalSection
	GlobalSection(ProjectConfigurationPlatforms) = postSolution
		{4708CA73-E2AD-4AA7-8A53-E248278E0773}.Debug|Any CPU.ActiveCfg = Debug|Any CPU
		{4708CA73-E2AD-4AA7-8A53-E248278E0773}.Debug|Any CPU.Build.0 = Debug|Any CPU
		{4708CA73-E2AD-4AA7-8A53-E248278E0773}.Release|Any CPU.ActiveCfg = Release|Any CPU
		{4708CA73-E2AD-4AA7-8A53-E248278E0773}.Release|Any CPU.Build.0 = Release|Any CPU
		{9DBDDAB7-626A-4888-9B51-0CD610955DCE}.Debug|Any CPU.ActiveCfg = Debug|Any CPU
		{9DBDDAB7-626A-4888-9B51-0CD610955DCE}.Debug|Any CPU.Build.0 = Debug|Any CPU
		{9DBDDAB7-626A-4888-9B51-0CD610955DCE}.Release|Any CPU.ActiveCfg = Release|Any CPU
		{9DBDDAB7-626A-4888-9B51-0CD610955DCE}.Release|Any CPU.Build.0 = Release|Any CPU
		{CCACEB62-8C60-4819-BCC7-106D7A22486E}.Debug|Any CPU.ActiveCfg = Debug|Any CPU
		{CCACEB62-8C60-4819-BCC7-106D7A22486E}.Debug|Any CPU.Build.0 = Debug|Any CPU
		{CCACEB62-8C60-4819-BCC7-106D7A22486E}.Release|Any CPU.ActiveCfg = Release|Any CPU
		{CCACEB62-8C60-4819-BCC7-106D7A22486E}.Release|Any CPU.Build.0 = Release|Any CPU
		{296B4C8E-F789-4EFC-BA13-7DF099D25DAD}.Debug|Any CPU.ActiveCfg = Debug|Any CPU
		{296B4C8E-F789-4EFC-BA13-7DF099D25DAD}.Debug|Any CPU.Build.0 = Debug|Any CPU
		{296B4C8E-F789-4EFC-BA13-7DF099D25DAD}.Release|Any CPU.ActiveCfg = Release|Any CPU
		{296B4C8E-F789-4EFC-BA13-7DF099D25DAD}.Release|Any CPU.Build.0 = Release|Any CPU
	EndGlobalSection
	GlobalSection(SolutionProperties) = preSolution
		HideSolutionNode = FALSE
	EndGlobalSection
	GlobalSection(ExtensibilityGlobals) = postSolution
		SolutionGuid = {1ECC3BCD-A761-4ACE-B7BF-B2808F182FA8}
	EndGlobalSection
EndGlobal
